
Microsoft Visual Studio Solution File, Format Version 12.00
Project("{FAE04EC0-301F-11D3-BF4B-00C04F79EFBC}") = "APBDTest2", "APBDTest2.csproj", "{CC927F1B-F867-48B3-9FBA-83B8E554856E}"
EndProject
Global
	GlobalSection(SolutionConfigurationPlatforms) = preSolution
		Debug|Any CPU = Debug|Any CPU
		Release|Any CPU = Release|Any CPU
	EndGlobalSection
	GlobalSection(ProjectConfigurationPlatforms) = postSolution
		{CC927F1B-F867-48B3-9FBA-83B8E554856E}.Debug|Any CPU.ActiveCfg = Debug|Any CPU
		{CC927F1B-F867-48B3-9FBA-83B8E554856E}.Debug|Any CPU.Build.0 = Debug|Any CPU
		{CC927F1B-F867-48B3-9FBA-83B8E554856E}.Release|Any CPU.ActiveCfg = Release|Any CPU
		{CC927F1B-F867-48B3-9FBA-83B8E554856E}.Release|Any CPU.Build.0 = Release|Any CPU
	EndGlobalSection
EndGlobal
